
Microsoft Visual Studio Solution File, Format Version 12.00
# Visual Studio 2017
Project("{FAE04EC0-301F-11D3-BF4B-00C04F79EFBC}") = "Mylo", "Mylo.csproj", "{C6556419-EECA-518B-D9DA-BE4E03A27940}"
EndProject
Global
	GlobalSection(SolutionConfigurationPlatforms) = preSolution
		Debug|Any CPU = Debug|Any CPU
		Release|Any CPU = Release|Any CPU
	EndGlobalSection
	GlobalSection(ProjectConfigurationPlatforms) = postSolution
		{C6556419-EECA-518B-D9DA-BE4E03A27940}.Debug|Any CPU.ActiveCfg = Debug|Any CPU
		{C6556419-EECA-518B-D9DA-BE4E03A27940}.Debug|Any CPU.Build.0 = Debug|Any CPU
		{C6556419-EECA-518B-D9DA-BE4E03A27940}.Release|Any CPU.ActiveCfg = Release|Any CPU
		{C6556419-EECA-518B-D9DA-BE4E03A27940}.Release|Any CPU.Build.0 = Release|Any CPU
	EndGlobalSection
	GlobalSection(SolutionProperties) = preSolution
		HideSolutionNode = FALSE
	EndGlobalSection
EndGlobal
